
Microsoft Visual Studio Solution File, Format Version 12.00
# Visual Studio Version 16
VisualStudioVersion = 16.0.30204.135
MinimumVisualStudioVersion = 10.0.40219.1
Project("{FAE04EC0-301F-11D3-BF4B-00C04F79EFBC}") = "BarcodeGeneratorClient", "BarcodeGeneratorClient\BarcodeGeneratorClient.csproj", "{44E0874D-6BBF-4A44-AFEE-A720EBB595DF}"
EndProject
Global
	GlobalSection(SolutionConfigurationPlatforms) = preSolution
		Debug|Any CPU = Debug|Any CPU
		Release|Any CPU = Release|Any CPU
	EndGlobalSection
	GlobalSection(ProjectConfigurationPlatforms) = postSolution
		{44E0874D-6BBF-4A44-AFEE-A720EBB595DF}.Debug|Any CPU.ActiveCfg = Debug|Any CPU
		{44E0874D-6BBF-4A44-AFEE-A720EBB595DF}.Debug|Any CPU.Build.0 = Debug|Any CPU
		{44E0874D-6BBF-4A44-AFEE-A720EBB595DF}.Release|Any CPU.ActiveCfg = Release|Any CPU
		{44E0874D-6BBF-4A44-AFEE-A720EBB595DF}.Release|Any CPU.Build.0 = Release|Any CPU
	EndGlobalSection
	GlobalSection(SolutionProperties) = preSolution
		HideSolutionNode = FALSE
	EndGlobalSection
	GlobalSection(ExtensibilityGlobals) = postSolution
		SolutionGuid = {050B0553-6EEA-4FD1-96DD-6579C98BB471}
	EndGlobalSection
EndGlobal
